        "pinia": "^2.0.0",
        "vue-router": "^4.0.0"
    "node_modules/pinia": {
      "version": "2.0.0",
      "resolved": "https://registry.npmjs.org/pinia/-/pinia-2.0.0.tgz",
      "integrity": "sha512-pqnQv1m7oEwYExGl//EtOn9rgFn7gtXECP/hZHy+WicmHXmWWkbsvpR+9z1xxrIgDOmVYuh1eYfRULJklzOKsQ==",
      "license": "MIT",
      "dependencies": {
        "@vue/devtools-api": "^6.0.0-beta.19",
        "vue-demi": "*"
      },
      "funding": {
        "url": "https://github.com/sponsors/posva"
      },
      "peerDependencies": {
        "@vue/composition-api": "^1.2.4",
        "typescript": "^4.4.4",
        "vue": "^2.6.14 || ^3.2.0"
      },
      "peerDependenciesMeta": {
        "@vue/composition-api": {
          "optional": true
        },
        "typescript": {
          "optional": true
        }
      }
    },
      "devOptional": true,
    "node_modules/vue-demi": {
      "version": "0.14.10",
      "resolved": "https://registry.npmjs.org/vue-demi/-/vue-demi-0.14.10.tgz",
      "integrity": "sha512-nMZBOwuzabUO0nLgIcc6rycZEebF6eeUfaiQx9+WSk8e29IbLvPU9feI6tqW4kTo3hvoYAJkMh8n8D0fuISphg==",
      "hasInstallScript": true,
      "license": "MIT",
      "bin": {
        "vue-demi-fix": "bin/vue-demi-fix.js",
        "vue-demi-switch": "bin/vue-demi-switch.js"
      },
      "engines": {
        "node": ">=12"
      },
      "funding": {
        "url": "https://github.com/sponsors/antfu"
      },
      "peerDependencies": {
        "@vue/composition-api": "^1.0.0-rc.1",
        "vue": "^3.0.0-0 || ^2.6.0"
      },
      "peerDependenciesMeta": {
        "@vue/composition-api": {
          "optional": true
        }
      }
    },
      "dev": true,
      "optional": true,
      "peer": true,
    "pinia": {
      "version": "2.0.0",
      "resolved": "https://registry.npmjs.org/pinia/-/pinia-2.0.0.tgz",
      "integrity": "sha512-pqnQv1m7oEwYExGl//EtOn9rgFn7gtXECP/hZHy+WicmHXmWWkbsvpR+9z1xxrIgDOmVYuh1eYfRULJklzOKsQ==",
      "requires": {
        "@vue/devtools-api": "^6.0.0-beta.19",
        "vue-demi": "*"
      }
    },
      "devOptional": true
    "vue-demi": {
      "version": "0.14.10",
      "resolved": "https://registry.npmjs.org/vue-demi/-/vue-demi-0.14.10.tgz",
      "integrity": "sha512-nMZBOwuzabUO0nLgIcc6rycZEebF6eeUfaiQx9+WSk8e29IbLvPU9feI6tqW4kTo3hvoYAJkMh8n8D0fuISphg==",
      "requires": {}
    },
      "dev": true,
      "optional": true,
      "peer": true,
